// !$*UTF8*$!
{
	archiveVersion = 1;
	classes = {
	};
	objectVersion = 46;
	objects = {

/* Begin PBXBuildFile section */
		BCDF92211DF157B2003163FC /* AppDelegate.swift in Sources */ = {isa = PBXBuildFile; fileRef = BCDF92201DF157B2003163FC /* AppDelegate.swift */; };
		BCDF92231DF157B2003163FC /* ViewController.swift in Sources */ = {isa = PBXBuildFile; fileRef = BCDF92221DF157B2003163FC /* ViewController.swift */; };
		BCDF92261DF157B2003163FC /* Main.storyboard in Resources */ = {isa = PBXBuildFile; fileRef = BCDF92241DF157B2003163FC /* Main.storyboard */; };
		BCDF92281DF157B2003163FC /* Assets.xcassets in Resources */ = {isa = PBXBuildFile; fileRef = BCDF92271DF157B2003163FC /* Assets.xcassets */; };
		BCDF922B1DF157B2003163FC /* LaunchScreen.storyboard in Resources */ = {isa = PBXBuildFile; fileRef = BCDF92291DF157B2003163FC /* LaunchScreen.storyboard */; };
/* End PBXBuildFile section */

/* Begin PBXFileReference section */
		BCDF921D1DF157B2003163FC /* vectorImages.app */ = {isa = PBXFileReference; explicitFileType = wrapper.application; includeInIndex = 0; path = vectorImages.app; sourceTree = BUILT_PRODUCTS_DIR; };
		BCDF92201DF157B2003163FC /* AppDelegate.swift */ = {isa = PBXFileReference; lastKnownFileType = sourcecode.swift; path = AppDelegate.swift; sourceTree = "<group>"; };
		BCDF92221DF157B2003163FC /* ViewController.swift */ = {isa = PBXFileReference; lastKnownFileType = sourcecode.swift; path = ViewController.swift; sourceTree = "<group>"; };
		BCDF92251DF157B2003163FC /* Base */ = {isa = PBXFileReference; lastKnownFileType = file.storyboard; name = Base; path = Base.lproj/Main.storyboard; sourceTree = "<group>"; };
		BCDF92271DF157B2003163FC /* Assets.xcassets */ = {isa = PBXFileReference; lastKnownFileType = folder.assetcatalog; path = Assets.xcassets; sourceTree = "<group>"; };
		BCDF922A1DF157B2003163FC /* Base */ = {isa = PBXFileReference; lastKnownFileType = file.storyboard; name = Base; path = Base.lproj/LaunchScreen.storyboard; sourceTree = "<group>"; };
		BCDF922C1DF157B2003163FC /* Info.plist */ = {isa = PBXFileReference; lastKnownFileType = text.plist.xml; path = Info.plist; sourceTree = "<group>"; };
/* End PBXFileReference section */

/* Begin PBXFrameworksBuildPhase section */
		BCDF921A1DF157B1003163FC /* Frameworks */ = {
			isa = PBXFrameworksBuildPhase;
			buildActionMask = 2147483647;
			files = (
			);
			runOnlyForDeploymentPostprocessing = 0;
		};
/* End PBXFrameworksBuildPhase section */

/* Begin PBXGroup section */
		BCDF92141DF157B1003163FC = {
			isa = PBXGroup;
			children = (
				BCDF921F1DF157B2003163FC /* vectorImages */,
				BCDF921E1DF157B2003163FC /* Products */,
			);
			sourceTree = "<group>";
		};
		BCDF921E1DF157B2003163FC /* Products */ = {
			isa = PBXGroup;
			children = (
				BCDF921D1DF157B2003163FC /* vectorImages.app */,
			);
			name = Products;
			sourceTree = "<group>";
		};
		BCDF921F1DF157B2003163FC /* vectorImages */ = {
			isa = PBXGroup;
			children = (
				BCDF92201DF157B2003163FC /* AppDelegate.swift */,
				BCDF92221DF157B2003163FC /* ViewController.swift */,
				BCDF92241DF157B2003163FC /* Main.storyboard */,
				BCDF92271DF157B2003163FC /* Assets.xcassets */,
				BCDF92291DF157B2003163FC /* LaunchScreen.storyboard */,
				BCDF922C1DF157B2003163FC /* Info.plist */,
			);
			path = vectorImages;
			sourceTree = "<group>";
		};
/* End PBXGroup section */

/* Begin PBXNativeTarget section */
		BCDF921C1DF157B1003163FC /* vectorImages */ = {
			isa = PBXNativeTarget;
			buildConfigurationList = BCDF922F1DF157B2003163FC /* Build configuration list for PBXNativeTarget "vectorImages" */;
			buildPhases = (
				BCDF92191DF157B1003163FC /* Sources */,
				BCDF921A1DF157B1003163FC /* Frameworks */,
				BCDF921B1DF157B1003163FC /* Resources */,
			);
			buildRules = (
			);
			dependencies = (
			);
			name = vectorImages;
			productName = vectorImages;
			productReference = BCDF921D1DF157B2003163FC /* vectorImages.app */;
			productType = "com.apple.product-type.application";
		};
/* End PBXNativeTarget section */

/* Begin PBXProject section */
		BCDF92151DF157B1003163FC /* Project object */ = {
			isa = PBXProject;
			attributes = {
				LastSwiftUpdateCheck = 0810;
				LastUpgradeCheck = 0810;
				ORGANIZATIONNAME = ItKan;
				TargetAttributes = {
					BCDF921C1DF157B1003163FC = {
						CreatedOnToolsVersion = 8.1;
						DevelopmentTeam = Y323MEKAQ9;
						ProvisioningStyle = Automatic;
					};
				};
			};
			buildConfigurationList = BCDF92181DF157B1003163FC /* Build configuration list for PBXProject "vectorImages" */;
			compatibilityVersion = "Xcode 3.2";
			developmentRegion = English;
			hasScannedForEncodings = 0;
			knownRegions = (
				en,
				Base,
			);
			mainGroup = BCDF92141DF157B1003163FC;
			productRefGroup = BCDF921E1DF157B2003163FC /* Products */;
			projectDirPath = "";
			projectRoot = "";
			targets = (
				BCDF921C1DF157B1003163FC /* vectorImages */,
			);
		};
/* End PBXProject section */

/* Begin PBXResourcesBuildPhase section */
		BCDF921B1DF157B1003163FC /* Resources */ = {
			isa = PBXResourcesBuildPhase;
			buildActionMask = 2147483647;
			files = (
				BCDF922B1DF157B2003163FC /* LaunchScreen.storyboard in Resources */,
				BCDF92281DF157B2003163FC /* Assets.xcassets in Resources */,
				BCDF92261DF157B2003163FC /* Main.storyboard in Resources */,
			);
			runOnlyForDeploymentPostprocessing = 0;
		};
/* End PBXResourcesBuildPhase section */

/* Begin PBXSourcesBuildPhase section */
		BCDF92191DF157B1003163FC /* Sources */ = {
			isa = PBXSourcesBuildPhase;
			buildActionMask = 2147483647;
			files = (
				BCDF92231DF157B2003163FC /* ViewController.swift in Sources */,
				BCDF92211DF157B2003163FC /* AppDelegate.swift in Sources */,
			);
			runOnlyForDeploymentPostprocessing = 0;
		};
/* End PBXSourcesBuildPhase section */

/* Begin PBXVariantGroup section */
		BCDF92241DF157B2003163FC /* Main.storyboard */ = {
			isa = PBXVariantGroup;
			children = (
				BCDF92251DF157B2003163FC /* Base */,
			);
			name = Main.storyboard;
			sourceTree = "<group>";
		};
		BCDF92291DF157B2003163FC /* LaunchScreen.storyboard */ = {
			isa = PBXVariantGroup;
			children = (
				BCDF922A1DF157B2003163FC /* Base */,
			);
			name = LaunchScreen.storyboard;
			sourceTree = "<group>";
		};
/* End PBXVariantGroup section */

/* Begin XCBuildConfiguration section */
		BCDF922D1DF157B2003163FC /* Debug */ = {
			isa = XCBuildConfiguration;
			buildSettings = {
				ALWAYS_SEARCH_USER_PATHS = NO;
				CLANG_ANALYZER_NONNULL = YES;
				CLANG_CXX_LANGUAGE_STANDARD = "gnu++0x";
				CLANG_CXX_LIBRARY = "libc++";
				CLANG_ENABLE_MODULES = YES;
				CLANG_ENABLE_OBJC_ARC = YES;
				CLANG_WARN_BOOL_CONVERSION = YES;
				CLANG_WARN_CONSTANT_CONVERSION = YES;
				CLANG_WARN_DIRECT_OBJC_ISA_USAGE = YES_ERROR;
				CLANG_WARN_DOCUMENTATION_COMMENTS = YES;
				CLANG_WARN_EMPTY_BODY = YES;
				CLANG_WARN_ENUM_CONVERSION = YES;
				CLANG_WARN_INFINITE_RECURSION = YES;
				CLANG_WARN_INT_CONVERSION = YES;
				CLANG_WARN_OBJC_ROOT_CLASS = YES_ERROR;
				CLANG_WARN_SUSPICIOUS_MOVES = YES;
				CLANG_WARN_UNREACHABLE_CODE = YES;
				CLANG_WARN__DUPLICATE_METHOD_MATCH = YES;
				"CODE_SIGN_IDENTITY[sdk=iphoneos*]" = "iPhone Developer";
				COPY_PHASE_STRIP = NO;
				DEBUG_INFORMATION_FORMAT = dwarf;
				ENABLE_STRICT_OBJC_MSGSEND = YES;
				ENABLE_TESTABILITY = YES;
				GCC_C_LANGUAGE_STANDARD = gnu99;
				GCC_DYNAMIC_NO_PIC = NO;
				GCC_NO_COMMON_BLOCKS = YES;
				GCC_OPTIMIZATION_LEVEL = 0;
				GCC_PREPROCESSOR_DEFINITIONS = (
					"DEBUG=1",
					"$(inherited)",
				);
				GCC_WARN_64_TO_32_BIT_CONVERSION = YES;
				GCC_WARN_ABOUT_RETURN_TYPE = YES_ERROR;
				GCC_WARN_UNDECLARED_SELECTOR = YES;
				GCC_WARN_UNINITIALIZED_AUTOS = YES_AGGRESSIVE;
				GCC_WARN_UNUSED_FUNCTION = YES;
				GCC_WARN_UNUSED_VARIABLE = YES;
				IPHONEOS_DEPLOYMENT_TARGET = 10.1;
				MTL_ENABLE_DEBUG_INFO = YES;
				ONLY_ACTIVE_ARCH = YES;
				SDKROOT = iphoneos;
				SWIFT_ACTIVE_COMPILATION_CONDITIONS = DEBUG;
				SWIFT_OPTIMIZATION_LEVEL = "-Onone";
				TARGETED_DEVICE_FAMILY = "1,2";
			};
			name = Debug;
		};
		BCDF922E1DF157B2003163FC /* Release */ = {
			isa = XCBuildConfiguration;
			buildSettings = {
				ALWAYS_SEARCH_USER_PATHS = NO;
				CLANG_ANALYZER_NONNULL = YES;
				CLANG_CXX_LANGUAGE_STANDARD = "gnu++0x";
				CLANG_CXX_LIBRARY = "libc++";
				CLANG_ENABLE_MODULES = YES;
				CLANG_ENABLE_OBJC_ARC = YES;
				CLANG_WARN_BOOL_CONVERSION = YES;
				CLANG_WARN_CONSTANT_CONVERSION = YES;
				CLANG_WARN_DIRECT_OBJC_ISA_USAGE = YES_ERROR;
				CLANG_WARN_DOCUMENTATION_COMMENTS = YES;
				CLANG_WARN_EMPTY_BODY = YES;
				CLANG_WARN_ENUM_CONVERSION = YES;
				CLANG_WARN_INFINITE_RECURSION = YES;
				CLANG_WARN_INT_CONVERSION = YES;
				CLANG_WARN_OBJC_ROOT_CLASS = YES_ERROR;
				CLANG_WARN_SUSPICIOUS_MOVES = YES;
				CLANG_WARN_UNREACHABLE_CODE = YES;
				CLANG_WARN__DUPLICATE_METHOD_MATCH = YES;
				"CODE_SIGN_IDENTITY[sdk=iphoneos*]" = "iPhone Developer";
				COPY_PHASE_STRIP = NO;
				DEBUG_INFORMATION_FORMAT = "dwarf-with-dsym";
				ENABLE_NS_ASSERTIONS = NO;
				ENABLE_STRICT_OBJC_MSGSEND = YES;
				GCC_C_LANGUAGE_STANDARD = gnu99;
				GCC_NO_COMMON_BLOCKS = YES;
				GCC_WARN_64_TO_32_BIT_CONVERSION = YES;
				GCC_WARN_ABOUT_RETURN_TYPE = YES_ERROR;
				GCC_WARN_UNDECLARED_SELECTOR = YES;
				GCC_WARN_UNINITIALIZED_AUTOS = YES_AGGRESSIVE;
				GCC_WARN_UNUSED_FUNCTION = YES;
				GCC_WARN_UNUSED_VARIABLE = YES;
				IPHONEOS_DEPLOYMENT_TARGET = 10.1;
				MTL_ENABLE_DEBUG_INFO = NO;
				SDKROOT = iphoneos;
				SWIFT_OPTIMIZATION_LEVEL = "-Owholemodule";
				TARGETED_DEVICE_FAMILY = "1,2";
				VALIDATE_PRODUCT = YES;
			};
			name = Release;
		};
		BCDF92301DF157B2003163FC /* Debug */ = {
			isa = XCBuildConfiguration;
			buildSettings = {
				ASSETCATALOG_COMPILER_APPICON_NAME = AppIcon;
				DEVELOPMENT_TEAM = Y323MEKAQ9;
				INFOPLIST_FILE = vectorImages/Info.plist;
				LD_RUNPATH_SEARCH_PATHS = "$(inherited) @executable_path/Frameworks";
				PRODUCT_BUNDLE_IDENTIFIER = in.itkan.vectorImages;
				PRODUCT_NAME = "$(TARGET_NAME)";
				SWIFT_VERSION = 3.0;
			};
			name = Debug;
		};
		BCDF92311DF157B2003163FC /* Release */ = {
			isa = XCBuildConfiguration;
			buildSettings = {
				ASSETCATALOG_COMPILER_APPICON_NAME = AppIcon;
				DEVELOPMENT_TEAM = Y323MEKAQ9;
				INFOPLIST_FILE = vectorImages/Info.plist;
				LD_RUNPATH_SEARCH_PATHS = "$(inherited) @executable_path/Frameworks";
				PRODUCT_BUNDLE_IDENTIFIER = in.itkan.vectorImages;
				PRODUCT_NAME = "$(TARGET_NAME)";
				SWIFT_VERSION = 3.0;
			};
			name = Release;
		};
/* End XCBuildConfiguration section */

/* Begin XCConfigurationList section */
		BCDF92181DF157B1003163FC /* Build configuration list for PBXProject "vectorImages" */ = {
			isa = XCConfigurationList;
			buildConfigurations = (
				BCDF922D1DF157B2003163FC /* Debug */,
				BCDF922E1DF157B2003163FC /* Release */,
			);
			defaultConfigurationIsVisible = 0;
			defaultConfigurationName = Release;
		};
		BCDF922F1DF157B2003163FC /* Build configuration list for PBXNativeTarget "vectorImages" */ = {
			isa = XCConfigurationList;
			buildConfigurations = (
				BCDF92301DF157B2003163FC /* Debug */,
				BCDF92311DF157B2003163FC /* Release */,
			);
			defaultConfigurationIsVisible = 0;
		};
/* End XCConfigurationList section */
	};
	rootObject = BCDF92151DF157B1003163FC /* Project object */;
}
